
Microsoft Visual Studio Solution File, Format Version 12.00
# Visual Studio Version 16
VisualStudioVersion = 16.0.31911.196
MinimumVisualStudioVersion = 10.0.40219.1
Project("{FAE04EC0-301F-11D3-BF4B-00C04F79EFBC}") = "StokEkstreee", "StokEkstreee\StokEkstreee.csproj", "{6A96B17C-96C0-4199-9E7A-1450BB6ECF91}"
EndProject
Global
	GlobalSection(SolutionConfigurationPlatforms) = preSolution
		Debug|Any CPU = Debug|Any CPU
		Release|Any CPU = Release|Any CPU
	EndGlobalSection
	GlobalSection(ProjectConfigurationPlatforms) = postSolution
		{6A96B17C-96C0-4199-9E7A-1450BB6ECF91}.Debug|Any CPU.ActiveCfg = Debug|Any CPU
		{6A96B17C-96C0-4199-9E7A-1450BB6ECF91}.Debug|Any CPU.Build.0 = Debug|Any CPU
		{6A96B17C-96C0-4199-9E7A-1450BB6ECF91}.Release|Any CPU.ActiveCfg = Release|Any CPU
		{6A96B17C-96C0-4199-9E7A-1450BB6ECF91}.Release|Any CPU.Build.0 = Release|Any CPU
	EndGlobalSection
	GlobalSection(SolutionProperties) = preSolution
		HideSolutionNode = FALSE
	EndGlobalSection
	GlobalSection(ExtensibilityGlobals) = postSolution
		SolutionGuid = {CADF9B14-7839-4FE5-B172-FC81E4EFC997}
	EndGlobalSection
EndGlobal
